
Microsoft Visual Studio Solution File, Format Version 12.00
# Visual Studio Version 17
VisualStudioVersion = 17.4.33205.214
MinimumVisualStudioVersion = 10.0.40219.1
Project("{FAE04EC0-301F-11D3-BF4B-00C04F79EFBC}") = "Q9", "Q9\Q9.csproj", "{97340580-F6DA-48CE-A435-D6CB3C004AC0}"
EndProject
Global
	GlobalSection(SolutionConfigurationPlatforms) = preSolution
		Debug|Any CPU = Debug|Any CPU
		Release|Any CPU = Release|Any CPU
	EndGlobalSection
	GlobalSection(ProjectConfigurationPlatforms) = postSolution
		{97340580-F6DA-48CE-A435-D6CB3C004AC0}.Debug|Any CPU.ActiveCfg = Debug|Any CPU
		{97340580-F6DA-48CE-A435-D6CB3C004AC0}.Debug|Any CPU.Build.0 = Debug|Any CPU
		{97340580-F6DA-48CE-A435-D6CB3C004AC0}.Release|Any CPU.ActiveCfg = Release|Any CPU
		{97340580-F6DA-48CE-A435-D6CB3C004AC0}.Release|Any CPU.Build.0 = Release|Any CPU
	EndGlobalSection
	GlobalSection(SolutionProperties) = preSolution
		HideSolutionNode = FALSE
	EndGlobalSection
	GlobalSection(ExtensibilityGlobals) = postSolution
		SolutionGuid = {F0D9C93C-268E-4D6E-975B-92A93AEA1D33}
	EndGlobalSection
EndGlobal
