
Microsoft Visual Studio Solution File, Format Version 12.00
# Visual Studio Version 17
VisualStudioVersion = 17.4.33205.214
MinimumVisualStudioVersion = 10.0.40219.1
Project("{FAE04EC0-301F-11D3-BF4B-00C04F79EFBC}") = "Q1", "Q1\Q1.csproj", "{779A603E-A69A-4157-A9A2-E4ED20A6AF6D}"
EndProject
Global
	GlobalSection(SolutionConfigurationPlatforms) = preSolution
		Debug|Any CPU = Debug|Any CPU
		Release|Any CPU = Release|Any CPU
	EndGlobalSection
	GlobalSection(ProjectConfigurationPlatforms) = postSolution
		{779A603E-A69A-4157-A9A2-E4ED20A6AF6D}.Debug|Any CPU.ActiveCfg = Debug|Any CPU
		{779A603E-A69A-4157-A9A2-E4ED20A6AF6D}.Debug|Any CPU.Build.0 = Debug|Any CPU
		{779A603E-A69A-4157-A9A2-E4ED20A6AF6D}.Release|Any CPU.ActiveCfg = Release|Any CPU
		{779A603E-A69A-4157-A9A2-E4ED20A6AF6D}.Release|Any CPU.Build.0 = Release|Any CPU
	EndGlobalSection
	GlobalSection(SolutionProperties) = preSolution
		HideSolutionNode = FALSE
	EndGlobalSection
	GlobalSection(ExtensibilityGlobals) = postSolution
		SolutionGuid = {DBADFC64-78FC-4C0B-95E6-4F115FB44AA1}
	EndGlobalSection
EndGlobal
