
Microsoft Visual Studio Solution File, Format Version 12.00
# Visual Studio Version 17
VisualStudioVersion = 17.4.33205.214
MinimumVisualStudioVersion = 10.0.40219.1
Project("{FAE04EC0-301F-11D3-BF4B-00C04F79EFBC}") = "Q6", "Q6\Q6.csproj", "{69ACAFD6-5D49-4830-817E-5078FD50271E}"
EndProject
Global
	GlobalSection(SolutionConfigurationPlatforms) = preSolution
		Debug|Any CPU = Debug|Any CPU
		Release|Any CPU = Release|Any CPU
	EndGlobalSection
	GlobalSection(ProjectConfigurationPlatforms) = postSolution
		{69ACAFD6-5D49-4830-817E-5078FD50271E}.Debug|Any CPU.ActiveCfg = Debug|Any CPU
		{69ACAFD6-5D49-4830-817E-5078FD50271E}.Debug|Any CPU.Build.0 = Debug|Any CPU
		{69ACAFD6-5D49-4830-817E-5078FD50271E}.Release|Any CPU.ActiveCfg = Release|Any CPU
		{69ACAFD6-5D49-4830-817E-5078FD50271E}.Release|Any CPU.Build.0 = Release|Any CPU
	EndGlobalSection
	GlobalSection(SolutionProperties) = preSolution
		HideSolutionNode = FALSE
	EndGlobalSection
	GlobalSection(ExtensibilityGlobals) = postSolution
		SolutionGuid = {BBCCE24B-EAE6-413A-B0E3-8BB51EFBE0F4}
	EndGlobalSection
EndGlobal
